// !$*UTF8*$!
{
	archiveVersion = 1;
	classes = {
	};
	objectVersion = 56;
	objects = {

/* Begin PBXBuildFile section */
		947633932A7100B200701B3A /* AppDelegate.swift in Sources */ = {isa = PBXBuildFile; fileRef = 947633922A7100B100701B3A /* AppDelegate.swift */; };
		947633952A710FE800701B3A /* Player.swift in Sources */ = {isa = PBXBuildFile; fileRef = 947633942A710FE800701B3A /* Player.swift */; };
		949624422A6FFE7F0060C8D2 /* SceneDelegate.swift in Sources */ = {isa = PBXBuildFile; fileRef = 949624412A6FFE7F0060C8D2 /* SceneDelegate.swift */; };
		94EC7E732A6E0493004B23EF /* ContentView.swift in Sources */ = {isa = PBXBuildFile; fileRef = 94EC7E722A6E0493004B23EF /* ContentView.swift */; };
		94EC7E752A6E0494004B23EF /* Assets.xcassets in Resources */ = {isa = PBXBuildFile; fileRef = 94EC7E742A6E0494004B23EF /* Assets.xcassets */; };
		94EC7E782A6E0494004B23EF /* Preview Assets.xcassets in Resources */ = {isa = PBXBuildFile; fileRef = 94EC7E772A6E0494004B23EF /* Preview Assets.xcassets */; };
		94EC7E822A6E0494004B23EF /* AudioPlayerTests.swift in Sources */ = {isa = PBXBuildFile; fileRef = 94EC7E812A6E0494004B23EF /* AudioPlayerTests.swift */; };
		94EC7E8C2A6E0494004B23EF /* AudioPlayerUITests.swift in Sources */ = {isa = PBXBuildFile; fileRef = 94EC7E8B2A6E0494004B23EF /* AudioPlayerUITests.swift */; };
		94EC7E8E2A6E0494004B23EF /* AudioPlayerUITestsLaunchTests.swift in Sources */ = {isa = PBXBuildFile; fileRef = 94EC7E8D2A6E0494004B23EF /* AudioPlayerUITestsLaunchTests.swift */; };
		94EC7E9B2A6E050D004B23EF /* song.mp3 in Resources */ = {isa = PBXBuildFile; fileRef = 94EC7E9A2A6E050D004B23EF /* song.mp3 */; };
/* End PBXBuildFile section */

/* Begin PBXContainerItemProxy section */
		94EC7E7E2A6E0494004B23EF /* PBXContainerItemProxy */ = {
			isa = PBXContainerItemProxy;
			containerPortal = 94EC7E652A6E0492004B23EF /* Project object */;
			proxyType = 1;
			remoteGlobalIDString = 94EC7E6C2A6E0492004B23EF;
			remoteInfo = AudioPlayer;
		};
		94EC7E882A6E0494004B23EF /* PBXContainerItemProxy */ = {
			isa = PBXContainerItemProxy;
			containerPortal = 94EC7E652A6E0492004B23EF /* Project object */;
			proxyType = 1;
			remoteGlobalIDString = 94EC7E6C2A6E0492004B23EF;
			remoteInfo = AudioPlayer;
		};
/* End PBXContainerItemProxy section */

/* Begin PBXFileReference section */
		947633922A7100B100701B3A /* AppDelegate.swift */ = {isa = PBXFileReference; lastKnownFileType = sourcecode.swift; path = AppDelegate.swift; sourceTree = "<group>"; };
		947633942A710FE800701B3A /* Player.swift */ = {isa = PBXFileReference; lastKnownFileType = sourcecode.swift; path = Player.swift; sourceTree = "<group>"; };
		949624412A6FFE7F0060C8D2 /* SceneDelegate.swift */ = {isa = PBXFileReference; fileEncoding = 4; lastKnownFileType = sourcecode.swift; path = SceneDelegate.swift; sourceTree = SOURCE_ROOT; };
		94EC7E6D2A6E0492004B23EF /* AudioPlayer.app */ = {isa = PBXFileReference; explicitFileType = wrapper.application; includeInIndex = 0; path = AudioPlayer.app; sourceTree = BUILT_PRODUCTS_DIR; };
		94EC7E722A6E0493004B23EF /* ContentView.swift */ = {isa = PBXFileReference; lastKnownFileType = sourcecode.swift; path = ContentView.swift; sourceTree = "<group>"; };
		94EC7E742A6E0494004B23EF /* Assets.xcassets */ = {isa = PBXFileReference; lastKnownFileType = folder.assetcatalog; path = Assets.xcassets; sourceTree = "<group>"; };
		94EC7E772A6E0494004B23EF /* Preview Assets.xcassets */ = {isa = PBXFileReference; lastKnownFileType = folder.assetcatalog; path = "Preview Assets.xcassets"; sourceTree = "<group>"; };
		94EC7E7D2A6E0494004B23EF /* AudioPlayerTests.xctest */ = {isa = PBXFileReference; explicitFileType = wrapper.cfbundle; includeInIndex = 0; path = AudioPlayerTests.xctest; sourceTree = BUILT_PRODUCTS_DIR; };
		94EC7E812A6E0494004B23EF /* AudioPlayerTests.swift */ = {isa = PBXFileReference; lastKnownFileType = sourcecode.swift; path = AudioPlayerTests.swift; sourceTree = "<group>"; };
		94EC7E872A6E0494004B23EF /* AudioPlayerUITests.xctest */ = {isa = PBXFileReference; explicitFileType = wrapper.cfbundle; includeInIndex = 0; path = AudioPlayerUITests.xctest; sourceTree = BUILT_PRODUCTS_DIR; };
		94EC7E8B2A6E0494004B23EF /* AudioPlayerUITests.swift */ = {isa = PBXFileReference; lastKnownFileType = sourcecode.swift; path = AudioPlayerUITests.swift; sourceTree = "<group>"; };
		94EC7E8D2A6E0494004B23EF /* AudioPlayerUITestsLaunchTests.swift */ = {isa = PBXFileReference; lastKnownFileType = sourcecode.swift; path = AudioPlayerUITestsLaunchTests.swift; sourceTree = "<group>"; };
		94EC7E9A2A6E050D004B23EF /* song.mp3 */ = {isa = PBXFileReference; lastKnownFileType = audio.mp3; path = song.mp3; sourceTree = "<group>"; };
/* End PBXFileReference section */

/* Begin PBXFrameworksBuildPhase section */
		94EC7E6A2A6E0492004B23EF /* Frameworks */ = {
			isa = PBXFrameworksBuildPhase;
			buildActionMask = 2147483647;
			files = (
			);
			runOnlyForDeploymentPostprocessing = 0;
		};
		94EC7E7A2A6E0494004B23EF /* Frameworks */ = {
			isa = PBXFrameworksBuildPhase;
			buildActionMask = 2147483647;
			files = (
			);
			runOnlyForDeploymentPostprocessing = 0;
		};
		94EC7E842A6E0494004B23EF /* Frameworks */ = {
			isa = PBXFrameworksBuildPhase;
			buildActionMask = 2147483647;
			files = (
			);
			runOnlyForDeploymentPostprocessing = 0;
		};
/* End PBXFrameworksBuildPhase section */

/* Begin PBXGroup section */
		94EC7E642A6E0492004B23EF = {
			isa = PBXGroup;
			children = (
				94EC7E6F2A6E0492004B23EF /* AudioPlayer */,
				94EC7E802A6E0494004B23EF /* AudioPlayerTests */,
				94EC7E8A2A6E0494004B23EF /* AudioPlayerUITests */,
				94EC7E6E2A6E0492004B23EF /* Products */,
			);
			sourceTree = "<group>";
		};
		94EC7E6E2A6E0492004B23EF /* Products */ = {
			isa = PBXGroup;
			children = (
				94EC7E6D2A6E0492004B23EF /* AudioPlayer.app */,
				94EC7E7D2A6E0494004B23EF /* AudioPlayerTests.xctest */,
				94EC7E872A6E0494004B23EF /* AudioPlayerUITests.xctest */,
			);
			name = Products;
			sourceTree = "<group>";
		};
		94EC7E6F2A6E0492004B23EF /* AudioPlayer */ = {
			isa = PBXGroup;
			children = (
				949624412A6FFE7F0060C8D2 /* SceneDelegate.swift */,
				94EC7E722A6E0493004B23EF /* ContentView.swift */,
				94EC7E9A2A6E050D004B23EF /* song.mp3 */,
				94EC7E742A6E0494004B23EF /* Assets.xcassets */,
				94EC7E762A6E0494004B23EF /* Preview Content */,
				947633922A7100B100701B3A /* AppDelegate.swift */,
				947633942A710FE800701B3A /* Player.swift */,
			);
			path = AudioPlayer;
			sourceTree = "<group>";
		};
		94EC7E762A6E0494004B23EF /* Preview Content */ = {
			isa = PBXGroup;
			children = (
				94EC7E772A6E0494004B23EF /* Preview Assets.xcassets */,
			);
			path = "Preview Content";
			sourceTree = "<group>";
		};
		94EC7E802A6E0494004B23EF /* AudioPlayerTests */ = {
			isa = PBXGroup;
			children = (
				94EC7E812A6E0494004B23EF /* AudioPlayerTests.swift */,
			);
			path = AudioPlayerTests;
			sourceTree = "<group>";
		};
		94EC7E8A2A6E0494004B23EF /* AudioPlayerUITests */ = {
			isa = PBXGroup;
			children = (
				94EC7E8B2A6E0494004B23EF /* AudioPlayerUITests.swift */,
				94EC7E8D2A6E0494004B23EF /* AudioPlayerUITestsLaunchTests.swift */,
			);
			path = AudioPlayerUITests;
			sourceTree = "<group>";
		};
/* End PBXGroup section */

/* Begin PBXNativeTarget section */
		94EC7E6C2A6E0492004B23EF /* AudioPlayer */ = {
			isa = PBXNativeTarget;
			buildConfigurationList = 94EC7E912A6E0494004B23EF /* Build configuration list for PBXNativeTarget "AudioPlayer" */;
			buildPhases = (
				94EC7E692A6E0492004B23EF /* Sources */,
				94EC7E6A2A6E0492004B23EF /* Frameworks */,
				94EC7E6B2A6E0492004B23EF /* Resources */,
			);
			buildRules = (
			);
			dependencies = (
			);
			name = AudioPlayer;
			productName = AudioPlayer;
			productReference = 94EC7E6D2A6E0492004B23EF /* AudioPlayer.app */;
			productType = "com.apple.product-type.application";
		};
		94EC7E7C2A6E0494004B23EF /* AudioPlayerTests */ = {
			isa = PBXNativeTarget;
			buildConfigurationList = 94EC7E942A6E0494004B23EF /* Build configuration list for PBXNativeTarget "AudioPlayerTests" */;
			buildPhases = (
				94EC7E792A6E0494004B23EF /* Sources */,
				94EC7E7A2A6E0494004B23EF /* Frameworks */,
				94EC7E7B2A6E0494004B23EF /* Resources */,
			);
			buildRules = (
			);
			dependencies = (
				94EC7E7F2A6E0494004B23EF /* PBXTargetDependency */,
			);
			name = AudioPlayerTests;
			productName = AudioPlayerTests;
			productReference = 94EC7E7D2A6E0494004B23EF /* AudioPlayerTests.xctest */;
			productType = "com.apple.product-type.bundle.unit-test";
		};
		94EC7E862A6E0494004B23EF /* AudioPlayerUITests */ = {
			isa = PBXNativeTarget;
			buildConfigurationList = 94EC7E972A6E0494004B23EF /* Build configuration list for PBXNativeTarget "AudioPlayerUITests" */;
			buildPhases = (
				94EC7E832A6E0494004B23EF /* Sources */,
				94EC7E842A6E0494004B23EF /* Frameworks */,
				94EC7E852A6E0494004B23EF /* Resources */,
			);
			buildRules = (
			);
			dependencies = (
				94EC7E892A6E0494004B23EF /* PBXTargetDependency */,
			);
			name = AudioPlayerUITests;
			productName = AudioPlayerUITests;
			productReference = 94EC7E872A6E0494004B23EF /* AudioPlayerUITests.xctest */;
			productType = "com.apple.product-type.bundle.ui-testing";
		};
/* End PBXNativeTarget section */

/* Begin PBXProject section */
		94EC7E652A6E0492004B23EF /* Project object */ = {
			isa = PBXProject;
			attributes = {
				BuildIndependentTargetsInParallel = 1;
				LastSwiftUpdateCheck = 1430;
				LastUpgradeCheck = 1430;
				TargetAttributes = {
					94EC7E6C2A6E0492004B23EF = {
						CreatedOnToolsVersion = 14.3;
					};
					94EC7E7C2A6E0494004B23EF = {
						CreatedOnToolsVersion = 14.3;
						TestTargetID = 94EC7E6C2A6E0492004B23EF;
					};
					94EC7E862A6E0494004B23EF = {
						CreatedOnToolsVersion = 14.3;
						TestTargetID = 94EC7E6C2A6E0492004B23EF;
					};
				};
			};
			buildConfigurationList = 94EC7E682A6E0492004B23EF /* Build configuration list for PBXProject "AudioPlayer" */;
			compatibilityVersion = "Xcode 14.0";
			developmentRegion = en;
			hasScannedForEncodings = 0;
			knownRegions = (
				en,
				Base,
			);
			mainGroup = 94EC7E642A6E0492004B23EF;
			productRefGroup = 94EC7E6E2A6E0492004B23EF /* Products */;
			projectDirPath = "";
			projectRoot = "";
			targets = (
				94EC7E6C2A6E0492004B23EF /* AudioPlayer */,
				94EC7E7C2A6E0494004B23EF /* AudioPlayerTests */,
				94EC7E862A6E0494004B23EF /* AudioPlayerUITests */,
			);
		};
/* End PBXProject section */

/* Begin PBXResourcesBuildPhase section */
		94EC7E6B2A6E0492004B23EF /* Resources */ = {
			isa = PBXResourcesBuildPhase;
			buildActionMask = 2147483647;
			files = (
				94EC7E782A6E0494004B23EF /* Preview Assets.xcassets in Resources */,
				94EC7E752A6E0494004B23EF /* Assets.xcassets in Resources */,
				94EC7E9B2A6E050D004B23EF /* song.mp3 in Resources */,
			);
			runOnlyForDeploymentPostprocessing = 0;
		};
		94EC7E7B2A6E0494004B23EF /* Resources */ = {
			isa = PBXResourcesBuildPhase;
			buildActionMask = 2147483647;
			files = (
			);
			runOnlyForDeploymentPostprocessing = 0;
		};
		94EC7E852A6E0494004B23EF /* Resources */ = {
			isa = PBXResourcesBuildPhase;
			buildActionMask = 2147483647;
			files = (
			);
			runOnlyForDeploymentPostprocessing = 0;
		};
/* End PBXResourcesBuildPhase section */

/* Begin PBXSourcesBuildPhase section */
		94EC7E692A6E0492004B23EF /* Sources */ = {
			isa = PBXSourcesBuildPhase;
			buildActionMask = 2147483647;
			files = (
				947633932A7100B200701B3A /* AppDelegate.swift in Sources */,
				94EC7E732A6E0493004B23EF /* ContentView.swift in Sources */,
				947633952A710FE800701B3A /* Player.swift in Sources */,
				949624422A6FFE7F0060C8D2 /* SceneDelegate.swift in Sources */,
			);
			runOnlyForDeploymentPostprocessing = 0;
		};
		94EC7E792A6E0494004B23EF /* Sources */ = {
			isa = PBXSourcesBuildPhase;
			buildActionMask = 2147483647;
			files = (
				94EC7E822A6E0494004B23EF /* AudioPlayerTests.swift in Sources */,
			);
			runOnlyForDeploymentPostprocessing = 0;
		};
		94EC7E832A6E0494004B23EF /* Sources */ = {
			isa = PBXSourcesBuildPhase;
			buildActionMask = 2147483647;
			files = (
				94EC7E8E2A6E0494004B23EF /* AudioPlayerUITestsLaunchTests.swift in Sources */,
				94EC7E8C2A6E0494004B23EF /* AudioPlayerUITests.swift in Sources */,
			);
			runOnlyForDeploymentPostprocessing = 0;
		};
/* End PBXSourcesBuildPhase section */

/* Begin PBXTargetDependency section */
		94EC7E7F2A6E0494004B23EF /* PBXTargetDependency */ = {
			isa = PBXTargetDependency;
			target = 94EC7E6C2A6E0492004B23EF /* AudioPlayer */;
			targetProxy = 94EC7E7E2A6E0494004B23EF /* PBXContainerItemProxy */;
		};
		94EC7E892A6E0494004B23EF /* PBXTargetDependency */ = {
			isa = PBXTargetDependency;
			target = 94EC7E6C2A6E0492004B23EF /* AudioPlayer */;
			targetProxy = 94EC7E882A6E0494004B23EF /* PBXContainerItemProxy */;
		};
/* End PBXTargetDependency section */

/* Begin XCBuildConfiguration section */
		94EC7E8F2A6E0494004B23EF /* Debug */ = {
			isa = XCBuildConfiguration;
			buildSettings = {
				ALWAYS_SEARCH_USER_PATHS = NO;
				CLANG_ANALYZER_NONNULL = YES;
				CLANG_ANALYZER_NUMBER_OBJECT_CONVERSION = YES_AGGRESSIVE;
				CLANG_CXX_LANGUAGE_STANDARD = "gnu++20";
				CLANG_ENABLE_MODULES = YES;
				CLANG_ENABLE_OBJC_ARC = YES;
				CLANG_ENABLE_OBJC_WEAK = YES;
				CLANG_WARN_BLOCK_CAPTURE_AUTORELEASING = YES;
				CLANG_WARN_BOOL_CONVERSION = YES;
				CLANG_WARN_COMMA = YES;
				CLANG_WARN_CONSTANT_CONVERSION = YES;
				CLANG_WARN_DEPRECATED_OBJC_IMPLEMENTATIONS = YES;
				CLANG_WARN_DIRECT_OBJC_ISA_USAGE = YES_ERROR;
				CLANG_WARN_DOCUMENTATION_COMMENTS = YES;
				CLANG_WARN_EMPTY_BODY = YES;
				CLANG_WARN_ENUM_CONVERSION = YES;
				CLANG_WARN_INFINITE_RECURSION = YES;
				CLANG_WARN_INT_CONVERSION = YES;
				CLANG_WARN_NON_LITERAL_NULL_CONVERSION = YES;
				CLANG_WARN_OBJC_IMPLICIT_RETAIN_SELF = YES;
				CLANG_WARN_OBJC_LITERAL_CONVERSION = YES;
				CLANG_WARN_OBJC_ROOT_CLASS = YES_ERROR;
				CLANG_WARN_QUOTED_INCLUDE_IN_FRAMEWORK_HEADER = YES;
				CLANG_WARN_RANGE_LOOP_ANALYSIS = YES;
				CLANG_WARN_STRICT_PROTOTYPES = YES;
				CLANG_WARN_SUSPICIOUS_MOVE = YES;
				CLANG_WARN_UNGUARDED_AVAILABILITY = YES_AGGRESSIVE;
				CLANG_WARN_UNREACHABLE_CODE = YES;
				CLANG_WARN__DUPLICATE_METHOD_MATCH = YES;
				COPY_PHASE_STRIP = NO;
				DEBUG_INFORMATION_FORMAT = dwarf;
				ENABLE_STRICT_OBJC_MSGSEND = YES;
				ENABLE_TESTABILITY = YES;
				GCC_C_LANGUAGE_STANDARD = gnu11;
				GCC_DYNAMIC_NO_PIC = NO;
				GCC_NO_COMMON_BLOCKS = YES;
				GCC_OPTIMIZATION_LEVEL = 0;
				GCC_PREPROCESSOR_DEFINITIONS = (
					"DEBUG=1",
					"$(inherited)",
				);
				GCC_WARN_64_TO_32_BIT_CONVERSION = YES;
				GCC_WARN_ABOUT_RETURN_TYPE = YES_ERROR;
				GCC_WARN_UNDECLARED_SELECTOR = YES;
				GCC_WARN_UNINITIALIZED_AUTOS = YES_AGGRESSIVE;
				GCC_WARN_UNUSED_FUNCTION = YES;
				GCC_WARN_UNUSED_VARIABLE = YES;
				IPHONEOS_DEPLOYMENT_TARGET = 16.4;
				MTL_ENABLE_DEBUG_INFO = INCLUDE_SOURCE;
				MTL_FAST_MATH = YES;
				ONLY_ACTIVE_ARCH = YES;
				SDKROOT = iphoneos;
				SWIFT_ACTIVE_COMPILATION_CONDITIONS = DEBUG;
				SWIFT_OPTIMIZATION_LEVEL = "-Onone";
			};
			name = Debug;
		};
		94EC7E902A6E0494004B23EF /* Release */ = {
			isa = XCBuildConfiguration;
			buildSettings = {
				ALWAYS_SEARCH_USER_PATHS = NO;
				CLANG_ANALYZER_NONNULL = YES;
				CLANG_ANALYZER_NUMBER_OBJECT_CONVERSION = YES_AGGRESSIVE;
				CLANG_CXX_LANGUAGE_STANDARD = "gnu++20";
				CLANG_ENABLE_MODULES = YES;
				CLANG_ENABLE_OBJC_ARC = YES;
				CLANG_ENABLE_OBJC_WEAK = YES;
				CLANG_WARN_BLOCK_CAPTURE_AUTORELEASING = YES;
				CLANG_WARN_BOOL_CONVERSION = YES;
				CLANG_WARN_COMMA = YES;
				CLANG_WARN_CONSTANT_CONVERSION = YES;
				CLANG_WARN_DEPRECATED_OBJC_IMPLEMENTATIONS = YES;
				CLANG_WARN_DIRECT_OBJC_ISA_USAGE = YES_ERROR;
				CLANG_WARN_DOCUMENTATION_COMMENTS = YES;
				CLANG_WARN_EMPTY_BODY = YES;
				CLANG_WARN_ENUM_CONVERSION = YES;
				CLANG_WARN_INFINITE_RECURSION = YES;
				CLANG_WARN_INT_CONVERSION = YES;
				CLANG_WARN_NON_LITERAL_NULL_CONVERSION = YES;
				CLANG_WARN_OBJC_IMPLICIT_RETAIN_SELF = YES;
				CLANG_WARN_OBJC_LITERAL_CONVERSION = YES;
				CLANG_WARN_OBJC_ROOT_CLASS = YES_ERROR;
				CLANG_WARN_QUOTED_INCLUDE_IN_FRAMEWORK_HEADER = YES;
				CLANG_WARN_RANGE_LOOP_ANALYSIS = YES;
				CLANG_WARN_STRICT_PROTOTYPES = YES;
				CLANG_WARN_SUSPICIOUS_MOVE = YES;
				CLANG_WARN_UNGUARDED_AVAILABILITY = YES_AGGRESSIVE;
				CLANG_WARN_UNREACHABLE_CODE = YES;
				CLANG_WARN__DUPLICATE_METHOD_MATCH = YES;
				COPY_PHASE_STRIP = NO;
				DEBUG_INFORMATION_FORMAT = "dwarf-with-dsym";
				ENABLE_NS_ASSERTIONS = NO;
				ENABLE_STRICT_OBJC_MSGSEND = YES;
				GCC_C_LANGUAGE_STANDARD = gnu11;
				GCC_NO_COMMON_BLOCKS = YES;
				GCC_WARN_64_TO_32_BIT_CONVERSION = YES;
				GCC_WARN_ABOUT_RETURN_TYPE = YES_ERROR;
				GCC_WARN_UNDECLARED_SELECTOR = YES;
				GCC_WARN_UNINITIALIZED_AUTOS = YES_AGGRESSIVE;
				GCC_WARN_UNUSED_FUNCTION = YES;
				GCC_WARN_UNUSED_VARIABLE = YES;
				IPHONEOS_DEPLOYMENT_TARGET = 16.4;
				MTL_ENABLE_DEBUG_INFO = NO;
				MTL_FAST_MATH = YES;
				SDKROOT = iphoneos;
				SWIFT_COMPILATION_MODE = wholemodule;
				SWIFT_OPTIMIZATION_LEVEL = "-O";
				VALIDATE_PRODUCT = YES;
			};
			name = Release;
		};
		94EC7E922A6E0494004B23EF /* Debug */ = {
			isa = XCBuildConfiguration;
			buildSettings = {
				ASSETCATALOG_COMPILER_APPICON_NAME = AppIcon;
				ASSETCATALOG_COMPILER_GLOBAL_ACCENT_COLOR_NAME = AccentColor;
				CODE_SIGN_STYLE = Automatic;
				CURRENT_PROJECT_VERSION = 1;
				DEVELOPMENT_ASSET_PATHS = "\"AudioPlayer/Preview Content\"";
				ENABLE_PREVIEWS = YES;
				GENERATE_INFOPLIST_FILE = NO;
				INFOPLIST_FILE = AudioPlayer/info.plist;
				INFOPLIST_KEY_UIApplicationSceneManifest_Generation = YES;
				INFOPLIST_KEY_UIApplicationSupportsIndirectInputEvents = YES;
				INFOPLIST_KEY_UILaunchScreen_Generation = YES;
				INFOPLIST_KEY_UISupportedInterfaceOrientations_iPad = "UIInterfaceOrientationPortrait UIInterfaceOrientationPortraitUpsideDown UIInterfaceOrientationLandscapeLeft UIInterfaceOrientationLandscapeRight";
				INFOPLIST_KEY_UISupportedInterfaceOrientations_iPhone = "UIInterfaceOrientationPortrait UIInterfaceOrientationLandscapeLeft UIInterfaceOrientationLandscapeRight";
				LD_RUNPATH_SEARCH_PATHS = (
					"$(inherited)",
					"@executable_path/Frameworks",
				);
				MARKETING_VERSION = 1.0;
				PRODUCT_BUNDLE_IDENTIFIER = vinodSupnekar.AudioPlayer;
				PRODUCT_NAME = "$(TARGET_NAME)";
				SWIFT_EMIT_LOC_STRINGS = YES;
				SWIFT_VERSION = 5.0;
				TARGETED_DEVICE_FAMILY = "1,2";
			};
			name = Debug;
		};
		94EC7E932A6E0494004B23EF /* Release */ = {
			isa = XCBuildConfiguration;
			buildSettings = {
				ASSETCATALOG_COMPILER_APPICON_NAME = AppIcon;
				ASSETCATALOG_COMPILER_GLOBAL_ACCENT_COLOR_NAME = AccentColor;
				CODE_SIGN_STYLE = Automatic;
				CURRENT_PROJECT_VERSION = 1;
				DEVELOPMENT_ASSET_PATHS = "\"AudioPlayer/Preview Content\"";
				ENABLE_PREVIEWS = YES;
				GENERATE_INFOPLIST_FILE = NO;
				INFOPLIST_FILE = AudioPlayer/info.plist;
				INFOPLIST_KEY_UIApplicationSceneManifest_Generation = YES;
				INFOPLIST_KEY_UIApplicationSupportsIndirectInputEvents = YES;
				INFOPLIST_KEY_UILaunchScreen_Generation = YES;
				INFOPLIST_KEY_UISupportedInterfaceOrientations_iPad = "UIInterfaceOrientationPortrait UIInterfaceOrientationPortraitUpsideDown UIInterfaceOrientationLandscapeLeft UIInterfaceOrientationLandscapeRight";
				INFOPLIST_KEY_UISupportedInterfaceOrientations_iPhone = "UIInterfaceOrientationPortrait UIInterfaceOrientationLandscapeLeft UIInterfaceOrientationLandscapeRight";
				LD_RUNPATH_SEARCH_PATHS = (
					"$(inherited)",
					"@executable_path/Frameworks",
				);
				MARKETING_VERSION = 1.0;
				PRODUCT_BUNDLE_IDENTIFIER = vinodSupnekar.AudioPlayer;
				PRODUCT_NAME = "$(TARGET_NAME)";
				SWIFT_EMIT_LOC_STRINGS = YES;
				SWIFT_VERSION = 5.0;
				TARGETED_DEVICE_FAMILY = "1,2";
			};
			name = Release;
		};
		94EC7E952A6E0494004B23EF /* Debug */ = {
			isa = XCBuildConfiguration;
			buildSettings = {
				ALWAYS_EMBED_SWIFT_STANDARD_LIBRARIES = YES;
				BUNDLE_LOADER = "$(TEST_HOST)";
				CODE_SIGN_STYLE = Automatic;
				CURRENT_PROJECT_VERSION = 1;
				GENERATE_INFOPLIST_FILE = YES;
				IPHONEOS_DEPLOYMENT_TARGET = 16.4;
				MARKETING_VERSION = 1.0;
				PRODUCT_BUNDLE_IDENTIFIER = vinodSupnekar.AudioPlayerTests;
				PRODUCT_NAME = "$(TARGET_NAME)";
				SWIFT_EMIT_LOC_STRINGS = NO;
				SWIFT_VERSION = 5.0;
				TARGETED_DEVICE_FAMILY = "1,2";
				TEST_HOST = "$(BUILT_PRODUCTS_DIR)/AudioPlayer.app/$(BUNDLE_EXECUTABLE_FOLDER_PATH)/AudioPlayer";
			};
			name = Debug;
		};
		94EC7E962A6E0494004B23EF /* Release */ = {
			isa = XCBuildConfiguration;
			buildSettings = {
				ALWAYS_EMBED_SWIFT_STANDARD_LIBRARIES = YES;
				BUNDLE_LOADER = "$(TEST_HOST)";
				CODE_SIGN_STYLE = Automatic;
				CURRENT_PROJECT_VERSION = 1;
				GENERATE_INFOPLIST_FILE = YES;
				IPHONEOS_DEPLOYMENT_TARGET = 16.4;
				MARKETING_VERSION = 1.0;
				PRODUCT_BUNDLE_IDENTIFIER = vinodSupnekar.AudioPlayerTests;
				PRODUCT_NAME = "$(TARGET_NAME)";
				SWIFT_EMIT_LOC_STRINGS = NO;
				SWIFT_VERSION = 5.0;
				TARGETED_DEVICE_FAMILY = "1,2";
				TEST_HOST = "$(BUILT_PRODUCTS_DIR)/AudioPlayer.app/$(BUNDLE_EXECUTABLE_FOLDER_PATH)/AudioPlayer";
			};
			name = Release;
		};
		94EC7E982A6E0494004B23EF /* Debug */ = {
			isa = XCBuildConfiguration;
			buildSettings = {
				ALWAYS_EMBED_SWIFT_STANDARD_LIBRARIES = YES;
				CODE_SIGN_STYLE = Automatic;
				CURRENT_PROJECT_VERSION = 1;
				GENERATE_INFOPLIST_FILE = YES;
				MARKETING_VERSION = 1.0;
				PRODUCT_BUNDLE_IDENTIFIER = vinodSupnekar.AudioPlayerUITests;
				PRODUCT_NAME = "$(TARGET_NAME)";
				SWIFT_EMIT_LOC_STRINGS = NO;
				SWIFT_VERSION = 5.0;
				TARGETED_DEVICE_FAMILY = "1,2";
				TEST_TARGET_NAME = AudioPlayer;
			};
			name = Debug;
		};
		94EC7E992A6E0494004B23EF /* Release */ = {
			isa = XCBuildConfiguration;
			buildSettings = {
				ALWAYS_EMBED_SWIFT_STANDARD_LIBRARIES = YES;
				CODE_SIGN_STYLE = Automatic;
				CURRENT_PROJECT_VERSION = 1;
				GENERATE_INFOPLIST_FILE = YES;
				MARKETING_VERSION = 1.0;
				PRODUCT_BUNDLE_IDENTIFIER = vinodSupnekar.AudioPlayerUITests;
				PRODUCT_NAME = "$(TARGET_NAME)";
				SWIFT_EMIT_LOC_STRINGS = NO;
				SWIFT_VERSION = 5.0;
				TARGETED_DEVICE_FAMILY = "1,2";
				TEST_TARGET_NAME = AudioPlayer;
			};
			name = Release;
		};
/* End XCBuildConfiguration section */

/* Begin XCConfigurationList section */
		94EC7E682A6E0492004B23EF /* Build configuration list for PBXProject "AudioPlayer" */ = {
			isa = XCConfigurationList;
			buildConfigurations = (
				94EC7E8F2A6E0494004B23EF /* Debug */,
				94EC7E902A6E0494004B23EF /* Release */,
			);
			defaultConfigurationIsVisible = 0;
			defaultConfigurationName = Release;
		};
		94EC7E912A6E0494004B23EF /* Build configuration list for PBXNativeTarget "AudioPlayer" */ = {
			isa = XCConfigurationList;
			buildConfigurations = (
				94EC7E922A6E0494004B23EF /* Debug */,
				94EC7E932A6E0494004B23EF /* Release */,
			);
			defaultConfigurationIsVisible = 0;
			defaultConfigurationName = Release;
		};
		94EC7E942A6E0494004B23EF /* Build configuration list for PBXNativeTarget "AudioPlayerTests" */ = {
			isa = XCConfigurationList;
			buildConfigurations = (
				94EC7E952A6E0494004B23EF /* Debug */,
				94EC7E962A6E0494004B23EF /* Release */,
			);
			defaultConfigurationIsVisible = 0;
			defaultConfigurationName = Release;
		};
		94EC7E972A6E0494004B23EF /* Build configuration list for PBXNativeTarget "AudioPlayerUITests" */ = {
			isa = XCConfigurationList;
			buildConfigurations = (
				94EC7E982A6E0494004B23EF /* Debug */,
				94EC7E992A6E0494004B23EF /* Release */,
			);
			defaultConfigurationIsVisible = 0;
			defaultConfigurationName = Release;
		};
/* End XCConfigurationList section */
	};
	rootObject = 94EC7E652A6E0492004B23EF /* Project object */;
}
